<?xml version="1.0" encoding="utf-8"?>
<Project ToolsVersion="4.0" xmlns="http://schemas.microsoft.com/developer/msbuild/2003">
  <ItemGroup>
    <Filter Include="Source Files">
      <UniqueIdentifier>{4FC737F1-C7A5-4376-A066-2A32D752A2FF}</UniqueIdentifier>
      <Extensions>cpp;c;cc;cxx;def;odl;idl;hpj;bat;asm;asmx</Extensions>
    </Filter>
    <Filter Include="Header Files">
      <UniqueIdentifier>{93995380-89BD-4b04-88EB-625FBE52EBFB}</UniqueIdentifier>
      <Extensions>h;hpp;hxx;hm;inl;inc;xsd</Extensions>
    </Filter>
    <Filter Include="Resource Files">
      <UniqueIdentifier>{67DA6AB6-F800-4c08-8B7A-83BB121AAD01}</UniqueIdentifier>
      <Extensions>rc;ico;cur;bmp;dlg;rc2;rct;bin;rgs;gif;jpg;jpeg;jpe;resx;tiff;tif;png;wav;mfcribbon-ms</Extensions>
    </Filter>
  </ItemGroup>
  <ItemGroup>
    <None Include="ReadMe.txt" />
  </ItemGroup>
  <ItemGroup>
    <ClInclude Include="kennyMove.h">
      <Filter>Header Files</Filter>
    </ClInclude>
    <ClInclude Include="kennyGlobals.h">
      <Filter>Header Files</Filter>
    </ClInclude>
    <ClInclude Include="kennyFuncs.h">
      <Filter>Header Files</Filter>
    </ClInclude>
    <ClInclude Include="kennyExtGlobals.h">
      <Filter>Header Files</Filter>
    </ClInclude>
    <ClInclude Include="kennyDefs.h">
      <Filter>Header Files</Filter>
    </ClInclude>
    <ClInclude Include="kennyBoard.h">
      <Filter>Header Files</Filter>
    </ClInclude>
    <ClInclude Include="kennyGameLine.h">
      <Filter>Header Files</Filter>
    </ClInclude>
    <ClInclude Include="kennyExtInclude.h">
      <Filter>Header Files</Filter>
    </ClInclude>
    <ClInclude Include="kennyInclude.h">
      <Filter>Header Files</Filter>
    </ClInclude>
    <ClInclude Include="kennyTimer.h">
      <Filter>Header Files</Filter>
    </ClInclude>
    <ClInclude Include="kennyHash.h">
      <Filter>Header Files</Filter>
    </ClInclude>
  </ItemGroup>
  <ItemGroup>
    <ClCompile Include="kennyCommands.cpp">
      <Filter>Source Files</Filter>
    </ClCompile>
    <ClCompile Include="kennyBitOps.cpp">
      <Filter>Source Files</Filter>
    </ClCompile>
    <ClCompile Include="kennyMain.cpp">
      <Filter>Source Files</Filter>
    </ClCompile>
    <ClCompile Include="kennyData.cpp">
      <Filter>Source Files</Filter>
    </ClCompile>
    <ClCompile Include="kennyBoard.cpp">
      <Filter>Source Files</Filter>
    </ClCompile>
    <ClCompile Include="kennyReadFen.cpp">
      <Filter>Source Files</Filter>
    </ClCompile>
    <ClCompile Include="kennySetup.cpp">
      <Filter>Source Files</Filter>
    </ClCompile>
    <ClCompile Include="kennyMove.cpp">
      <Filter>Source Files</Filter>
    </ClCompile>
    <ClCompile Include="kennyMoveGen.cpp">
      <Filter>Source Files</Filter>
    </ClCompile>
    <ClCompile Include="kennyDispMove.cpp">
      <Filter>Source Files</Filter>
    </ClCompile>
    <ClCompile Include="kennyTimer.cpp">
      <Filter>Source Files</Filter>
    </ClCompile>
    <ClCompile Include="kennyPerft.cpp">
      <Filter>Source Files</Filter>
    </ClCompile>
    <ClCompile Include="kennyMakeMove.cpp">
      <Filter>Source Files</Filter>
    </ClCompile>
    <ClCompile Include="kennyEval.cpp">
      <Filter>Source Files</Filter>
    </ClCompile>
    <ClCompile Include="kennySearch.cpp">
      <Filter>Source Files</Filter>
    </ClCompile>
    <ClCompile Include="kennyHash.cpp">
      <Filter>Source Files</Filter>
    </ClCompile>
    <ClCompile Include="kennySortMoves.cpp">
      <Filter>Source Files</Filter>
    </ClCompile>
    <ClCompile Include="kennyQSearch.cpp">
      <Filter>Source Files</Filter>
    </ClCompile>
    <ClCompile Include="kennySEE.cpp">
      <Filter>Source Files</Filter>
    </ClCompile>
    <ClCompile Include="kennyPeek.cpp">
      <Filter>Source Files</Filter>
    </ClCompile>
    <ClCompile Include="kennyTest.cpp">
      <Filter>Source Files</Filter>
    </ClCompile>
  </ItemGroup>
</Project>